Microsoft Visual Studio Solution File, Format Version 12.00
# Visual Studio Version 17
VisualStudioVersion = 17.5.2.0
MinimumVisualStudioVersion = 10.0.40219.1
Project("{FAE04EC0-301F-11D3-BF4B-00C04F79EFBC}") = "Atividade Produtos", "Atividade Produtos.csproj", "{FFB30FB8-491E-654D-9390-84D2BA3804FD}"
EndProject
Global
	GlobalSection(SolutionConfigurationPlatforms) = preSolution
		Debug|Any CPU = Debug|Any CPU
		Release|Any CPU = Release|Any CPU
	EndGlobalSection
	GlobalSection(ProjectConfigurationPlatforms) = postSolution
		{FFB30FB8-491E-654D-9390-84D2BA3804FD}.Debug|Any CPU.ActiveCfg = Debug|Any CPU
		{FFB30FB8-491E-654D-9390-84D2BA3804FD}.Debug|Any CPU.Build.0 = Debug|Any CPU
		{FFB30FB8-491E-654D-9390-84D2BA3804FD}.Release|Any CPU.ActiveCfg = Release|Any CPU
		{FFB30FB8-491E-654D-9390-84D2BA3804FD}.Release|Any CPU.Build.0 = Release|Any CPU
	EndGlobalSection
	GlobalSection(SolutionProperties) = preSolution
		HideSolutionNode = FALSE
	EndGlobalSection
	GlobalSection(ExtensibilityGlobals) = postSolution
		SolutionGuid = {EBF2290C-CF4B-484F-AE18-CE40777E06AF}
	EndGlobalSection
EndGlobal
